
Microsoft Visual Studio Solution File, Format Version 12.00
# Visual Studio Version 17
VisualStudioVersion = 17.4.33122.133
MinimumVisualStudioVersion = 10.0.40219.1
Project("{2150E333-8FDC-42A3-9474-1A3956D46DE8}") = "Solution Items", "Solution Items", "{A1E92215-0BCB-47D4-9F3A-1ED2E3384ACD}"
	ProjectSection(SolutionItems) = preProject
		..\.editorconfig = ..\.editorconfig
		..\.gitattributes = ..\.gitattributes
		..\.gitignore = ..\.gitignore
		common.props = common.props
		..\Directory.Build.props = ..\Directory.Build.props
		..\README.md = ..\README.md
	EndProjectSection
EndProject
Project("{2150E333-8FDC-42A3-9474-1A3956D46DE8}") = "src", "src", "{347A782E-D5BC-4DB0-AB89-6062B411477D}"
EndProject
Project("{9A19103F-16F7-4668-BE54-9A1E7A4F7556}") = "FantasySky.CustomDF", "src\FantasySky.CustomDF\FantasySky.CustomDF.csproj", "{9AFE963E-B0DD-4C1D-8B7C-18ACD33F4E9A}"
EndProject
Project("{9A19103F-16F7-4668-BE54-9A1E7A4F7556}") = "FantasySky.CustomDF.Core", "src\FantasySky.CustomDF.Core\FantasySky.CustomDF.Core.csproj", "{4E34B6CD-9805-47EA-B24F-B961DB1433A4}"
EndProject
Project("{9A19103F-16F7-4668-BE54-9A1E7A4F7556}") = "FantasySky.CustomDF.EntityFrameworkCore", "src\FantasySky.CustomDF.EntityFrameworkCore\FantasySky.CustomDF.EntityFrameworkCore.csproj", "{7C802C2F-17CF-459F-826F-B7695C8BE210}"
EndProject
Project("{9A19103F-16F7-4668-BE54-9A1E7A4F7556}") = "FantasySky.CustomDF.Ddd.Domain", "src\FantasySky.CustomDF.Ddd.Domain\FantasySky.CustomDF.Ddd.Domain.csproj", "{1863B629-31AB-48C1-BA12-0F31AC3A1036}"
EndProject
Project("{9A19103F-16F7-4668-BE54-9A1E7A4F7556}") = "FantasySky.CustomDF.AspNetCore", "src\FantasySky.CustomDF.AspNetCore\FantasySky.CustomDF.AspNetCore.csproj", "{94F2E563-A9CD-4B1F-A8CA-094569C85C97}"
EndProject
Project("{2150E333-8FDC-42A3-9474-1A3956D46DE8}") = "Caching", "Caching", "{DDCB09F1-3118-44AA-88D2-018AF2189F66}"
EndProject
Project("{9A19103F-16F7-4668-BE54-9A1E7A4F7556}") = "FantasySky.CustomDF.Caching", "src\Caching\FantasySky.CustomDF.Caching\FantasySky.CustomDF.Caching.csproj", "{3EAEED05-0E05-439D-B5E7-6B96C0552037}"
EndProject
Project("{9A19103F-16F7-4668-BE54-9A1E7A4F7556}") = "FantasySky.CustomDF.Caching.StackExchangeRedis", "src\Caching\FantasySky.CustomDF.Caching.StackExchangeRedis\FantasySky.CustomDF.Caching.StackExchangeRedis.csproj", "{72E0C848-EE1D-4B43-8A4B-42EA5C275E8D}"
EndProject
Project("{2150E333-8FDC-42A3-9474-1A3956D46DE8}") = "test", "test", "{440387C2-A709-4EEC-B3A5-41F8DE063392}"
EndProject
Project("{2150E333-8FDC-42A3-9474-1A3956D46DE8}") = "doc", "doc", "{FC522A82-0CDC-48C1-9F17-4B6A7984361F}"
	ProjectSection(SolutionItems) = preProject
		..\README.md = ..\README.md
	EndProjectSection
EndProject
Project("{2150E333-8FDC-42A3-9474-1A3956D46DE8}") = "DistributedLocking", "DistributedLocking", "{3836D17E-1BB4-43C0-8B2D-DDFF0A48ABD6}"
EndProject
Project("{FAE04EC0-301F-11D3-BF4B-00C04F79EFBC}") = "FantasySky.CustomDF.DistributedLocking", "src\DistributedLocking\FantasySky.CustomDF.DistributedLocking\FantasySky.CustomDF.DistributedLocking.csproj", "{8A20163B-3C52-44D2-8AAC-E3127E44F8BB}"
EndProject
Global
	GlobalSection(SolutionConfigurationPlatforms) = preSolution
		Debug|Any CPU = Debug|Any CPU
		Release|Any CPU = Release|Any CPU
	EndGlobalSection
	GlobalSection(ProjectConfigurationPlatforms) = postSolution
		{9AFE963E-B0DD-4C1D-8B7C-18ACD33F4E9A}.Debug|Any CPU.ActiveCfg = Debug|Any CPU
		{9AFE963E-B0DD-4C1D-8B7C-18ACD33F4E9A}.Debug|Any CPU.Build.0 = Debug|Any CPU
		{9AFE963E-B0DD-4C1D-8B7C-18ACD33F4E9A}.Release|Any CPU.ActiveCfg = Release|Any CPU
		{9AFE963E-B0DD-4C1D-8B7C-18ACD33F4E9A}.Release|Any CPU.Build.0 = Release|Any CPU
		{4E34B6CD-9805-47EA-B24F-B961DB1433A4}.Debug|Any CPU.ActiveCfg = Debug|Any CPU
		{4E34B6CD-9805-47EA-B24F-B961DB1433A4}.Debug|Any CPU.Build.0 = Debug|Any CPU
		{4E34B6CD-9805-47EA-B24F-B961DB1433A4}.Release|Any CPU.ActiveCfg = Release|Any CPU
		{4E34B6CD-9805-47EA-B24F-B961DB1433A4}.Release|Any CPU.Build.0 = Release|Any CPU
		{7C802C2F-17CF-459F-826F-B7695C8BE210}.Debug|Any CPU.ActiveCfg = Debug|Any CPU
		{7C802C2F-17CF-459F-826F-B7695C8BE210}.Debug|Any CPU.Build.0 = Debug|Any CPU
		{7C802C2F-17CF-459F-826F-B7695C8BE210}.Release|Any CPU.ActiveCfg = Release|Any CPU
		{7C802C2F-17CF-459F-826F-B7695C8BE210}.Release|Any CPU.Build.0 = Release|Any CPU
		{1863B629-31AB-48C1-BA12-0F31AC3A1036}.Debug|Any CPU.ActiveCfg = Debug|Any CPU
		{1863B629-31AB-48C1-BA12-0F31AC3A1036}.Debug|Any CPU.Build.0 = Debug|Any CPU
		{1863B629-31AB-48C1-BA12-0F31AC3A1036}.Release|Any CPU.ActiveCfg = Release|Any CPU
		{1863B629-31AB-48C1-BA12-0F31AC3A1036}.Release|Any CPU.Build.0 = Release|Any CPU
		{94F2E563-A9CD-4B1F-A8CA-094569C85C97}.Debug|Any CPU.ActiveCfg = Debug|Any CPU
		{94F2E563-A9CD-4B1F-A8CA-094569C85C97}.Debug|Any CPU.Build.0 = Debug|Any CPU
		{94F2E563-A9CD-4B1F-A8CA-094569C85C97}.Release|Any CPU.ActiveCfg = Release|Any CPU
		{94F2E563-A9CD-4B1F-A8CA-094569C85C97}.Release|Any CPU.Build.0 = Release|Any CPU
		{3EAEED05-0E05-439D-B5E7-6B96C0552037}.Debug|Any CPU.ActiveCfg = Debug|Any CPU
		{3EAEED05-0E05-439D-B5E7-6B96C0552037}.Debug|Any CPU.Build.0 = Debug|Any CPU
		{3EAEED05-0E05-439D-B5E7-6B96C0552037}.Release|Any CPU.ActiveCfg = Release|Any CPU
		{3EAEED05-0E05-439D-B5E7-6B96C0552037}.Release|Any CPU.Build.0 = Release|Any CPU
		{72E0C848-EE1D-4B43-8A4B-42EA5C275E8D}.Debug|Any CPU.ActiveCfg = Debug|Any CPU
		{72E0C848-EE1D-4B43-8A4B-42EA5C275E8D}.Debug|Any CPU.Build.0 = Debug|Any CPU
		{72E0C848-EE1D-4B43-8A4B-42EA5C275E8D}.Release|Any CPU.ActiveCfg = Release|Any CPU
		{72E0C848-EE1D-4B43-8A4B-42EA5C275E8D}.Release|Any CPU.Build.0 = Release|Any CPU
		{8A20163B-3C52-44D2-8AAC-E3127E44F8BB}.Debug|Any CPU.ActiveCfg = Debug|Any CPU
		{8A20163B-3C52-44D2-8AAC-E3127E44F8BB}.Debug|Any CPU.Build.0 = Debug|Any CPU
		{8A20163B-3C52-44D2-8AAC-E3127E44F8BB}.Release|Any CPU.ActiveCfg = Release|Any CPU
		{8A20163B-3C52-44D2-8AAC-E3127E44F8BB}.Release|Any CPU.Build.0 = Release|Any CPU
	EndGlobalSection
	GlobalSection(SolutionProperties) = preSolution
		HideSolutionNode = FALSE
	EndGlobalSection
	GlobalSection(NestedProjects) = preSolution
		{9AFE963E-B0DD-4C1D-8B7C-18ACD33F4E9A} = {347A782E-D5BC-4DB0-AB89-6062B411477D}
		{4E34B6CD-9805-47EA-B24F-B961DB1433A4} = {347A782E-D5BC-4DB0-AB89-6062B411477D}
		{7C802C2F-17CF-459F-826F-B7695C8BE210} = {347A782E-D5BC-4DB0-AB89-6062B411477D}
		{1863B629-31AB-48C1-BA12-0F31AC3A1036} = {347A782E-D5BC-4DB0-AB89-6062B411477D}
		{94F2E563-A9CD-4B1F-A8CA-094569C85C97} = {347A782E-D5BC-4DB0-AB89-6062B411477D}
		{DDCB09F1-3118-44AA-88D2-018AF2189F66} = {347A782E-D5BC-4DB0-AB89-6062B411477D}
		{3EAEED05-0E05-439D-B5E7-6B96C0552037} = {DDCB09F1-3118-44AA-88D2-018AF2189F66}
		{72E0C848-EE1D-4B43-8A4B-42EA5C275E8D} = {DDCB09F1-3118-44AA-88D2-018AF2189F66}
		{3836D17E-1BB4-43C0-8B2D-DDFF0A48ABD6} = {347A782E-D5BC-4DB0-AB89-6062B411477D}
		{8A20163B-3C52-44D2-8AAC-E3127E44F8BB} = {3836D17E-1BB4-43C0-8B2D-DDFF0A48ABD6}
	EndGlobalSection
	GlobalSection(ExtensibilityGlobals) = postSolution
		SolutionGuid = {BA9D7F87-48DF-4183-8676-C19CDDAAC484}
	EndGlobalSection
EndGlobal
